# This file is automatically @generated by Cargo.
# It is not intended for manual editing.
version = 4

[[package]]
name = "sense-input-win"
version = "0.1.0"

[[package]]
name = "sense-math"
version = "0.1.0"

[[package]]
name = "sense-maxer"
version = "0.1.0"
dependencies = [
 "sense-input-win",
 "sense-math",
 "sense-telemetry",
 "sense-types",
]

[[package]]
name = "sense-telemetry"
version = "0.1.0"

[[package]]
name = "sense-types"
version = "0.1.0"
